
Microsoft Visual Studio Solution File, Format Version 12.00
# Visual Studio Version 16
VisualStudioVersion = 16.0.31702.278
MinimumVisualStudioVersion = 10.0.40219.1
Project("{FAE04EC0-301F-11D3-BF4B-00C04F79EFBC}") = "1", "1э\1.csproj", "{1577D266-1F61-4395-8D4B-657F05AFCE51}"
EndProject
Project("{FAE04EC0-301F-11D3-BF4B-00C04F79EFBC}") = "2", "2\2.csproj", "{BCF2790E-B771-481B-B3AC-D4AB1BACCD5F}"
EndProject
Project("{FAE04EC0-301F-11D3-BF4B-00C04F79EFBC}") = "3", "3\3.csproj", "{39C7FEA0-2480-46F4-9FD6-59C7F6F9E486}"
EndProject
Global
	GlobalSection(SolutionConfigurationPlatforms) = preSolution
		Debug|Any CPU = Debug|Any CPU
		Release|Any CPU = Release|Any CPU
	EndGlobalSection
	GlobalSection(ProjectConfigurationPlatforms) = postSolution
		{1577D266-1F61-4395-8D4B-657F05AFCE51}.Debug|Any CPU.ActiveCfg = Debug|Any CPU
		{1577D266-1F61-4395-8D4B-657F05AFCE51}.Debug|Any CPU.Build.0 = Debug|Any CPU
		{1577D266-1F61-4395-8D4B-657F05AFCE51}.Release|Any CPU.ActiveCfg = Release|Any CPU
		{1577D266-1F61-4395-8D4B-657F05AFCE51}.Release|Any CPU.Build.0 = Release|Any CPU
		{BCF2790E-B771-481B-B3AC-D4AB1BACCD5F}.Debug|Any CPU.ActiveCfg = Debug|Any CPU
		{BCF2790E-B771-481B-B3AC-D4AB1BACCD5F}.Debug|Any CPU.Build.0 = Debug|Any CPU
		{BCF2790E-B771-481B-B3AC-D4AB1BACCD5F}.Release|Any CPU.ActiveCfg = Release|Any CPU
		{BCF2790E-B771-481B-B3AC-D4AB1BACCD5F}.Release|Any CPU.Build.0 = Release|Any CPU
		{39C7FEA0-2480-46F4-9FD6-59C7F6F9E486}.Debug|Any CPU.ActiveCfg = Debug|Any CPU
		{39C7FEA0-2480-46F4-9FD6-59C7F6F9E486}.Debug|Any CPU.Build.0 = Debug|Any CPU
		{39C7FEA0-2480-46F4-9FD6-59C7F6F9E486}.Release|Any CPU.ActiveCfg = Release|Any CPU
		{39C7FEA0-2480-46F4-9FD6-59C7F6F9E486}.Release|Any CPU.Build.0 = Release|Any CPU
	EndGlobalSection
	GlobalSection(SolutionProperties) = preSolution
		HideSolutionNode = FALSE
	EndGlobalSection
	GlobalSection(ExtensibilityGlobals) = postSolution
		SolutionGuid = {44F81985-4180-4A21-9FE5-B078CB6E08CC}
	EndGlobalSection
EndGlobal
